
Microsoft Visual Studio Solution File, Format Version 12.00
# Visual Studio Version 17
VisualStudioVersion = 17.7.34003.232
MinimumVisualStudioVersion = 10.0.40219.1
Project("{FAE04EC0-301F-11D3-BF4B-00C04F79EFBC}") = "BulkyWeb", "BulkyWeb\BulkyWeb.csproj", "{010ECB6E-3CAA-42FA-8239-5E12D09EA3F9}"
EndProject
Global
	GlobalSection(SolutionConfigurationPlatforms) = preSolution
		Debug|Any CPU = Debug|Any CPU
		Release|Any CPU = Release|Any CPU
	EndGlobalSection
	GlobalSection(ProjectConfigurationPlatforms) = postSolution
		{010ECB6E-3CAA-42FA-8239-5E12D09EA3F9}.Debug|Any CPU.ActiveCfg = Debug|Any CPU
		{010ECB6E-3CAA-42FA-8239-5E12D09EA3F9}.Debug|Any CPU.Build.0 = Debug|Any CPU
		{010ECB6E-3CAA-42FA-8239-5E12D09EA3F9}.Release|Any CPU.ActiveCfg = Release|Any CPU
		{010ECB6E-3CAA-42FA-8239-5E12D09EA3F9}.Release|Any CPU.Build.0 = Release|Any CPU
	EndGlobalSection
	GlobalSection(SolutionProperties) = preSolution
		HideSolutionNode = FALSE
	EndGlobalSection
	GlobalSection(ExtensibilityGlobals) = postSolution
		SolutionGuid = {1049A699-7A29-4D29-9969-8FF943720801}
	EndGlobalSection
EndGlobal
